// !$*UTF8*$!
{
	archiveVersion = 1;
	classes = {
	};
	objectVersion = 51;
	objects = {

/* Begin PBXBuildFile section */
		0BAE6C1C6B02986189EF75F3 /* Pods_myflix.framework in Frameworks */ = {isa = PBXBuildFile; fileRef = BA93754B451F4A13D4C321AE /* Pods_myflix.framework */; };
		255AE2131C85BE46AE991E51 /* Pods_myflixTests.framework in Frameworks */ = {isa = PBXBuildFile; fileRef = BABCA00C8FF67E54C0FC29B7 /* Pods_myflixTests.framework */; };
		A15D934325D7769B00905BF8 /* AppDelegate.swift in Sources */ = {isa = PBXBuildFile; fileRef = A15D934225D7769B00905BF8 /* AppDelegate.swift */; };
		A15D934525D7769B00905BF8 /* SceneDelegate.swift in Sources */ = {isa = PBXBuildFile; fileRef = A15D934425D7769B00905BF8 /* SceneDelegate.swift */; };
		A15D934A25D7769B00905BF8 /* Main.storyboard in Resources */ = {isa = PBXBuildFile; fileRef = A15D934825D7769B00905BF8 /* Main.storyboard */; };
		A15D934C25D776A600905BF8 /* Assets.xcassets in Resources */ = {isa = PBXBuildFile; fileRef = A15D934B25D776A600905BF8 /* Assets.xcassets */; };
		A15D934F25D776A600905BF8 /* LaunchScreen.storyboard in Resources */ = {isa = PBXBuildFile; fileRef = A15D934D25D776A600905BF8 /* LaunchScreen.storyboard */; };
		A15D935A25D776A700905BF8 /* myflixTests.swift in Sources */ = {isa = PBXBuildFile; fileRef = A15D935925D776A700905BF8 /* myflixTests.swift */; };
		A15D936525D776A700905BF8 /* myflixUITests.swift in Sources */ = {isa = PBXBuildFile; fileRef = A15D936425D776A700905BF8 /* myflixUITests.swift */; };
		A15D937925D778E800905BF8 /* MoviesViewController.swift in Sources */ = {isa = PBXBuildFile; fileRef = A15D937825D778E800905BF8 /* MoviesViewController.swift */; };
		A15D937E25D7AF7D00905BF8 /* MovieCell.swift in Sources */ = {isa = PBXBuildFile; fileRef = A15D937D25D7AF7D00905BF8 /* MovieCell.swift */; };
		A1C5993725DE1CA000A712F7 /* MovieDetailsViewController.swift in Sources */ = {isa = PBXBuildFile; fileRef = A1C5993625DE1CA000A712F7 /* MovieDetailsViewController.swift */; };
		A1C5993C25DE310100A712F7 /* MovieGridViewController.swift in Sources */ = {isa = PBXBuildFile; fileRef = A1C5993B25DE310100A712F7 /* MovieGridViewController.swift */; };
		A1C5994925DE490700A712F7 /* MovieGridCell.swift in Sources */ = {isa = PBXBuildFile; fileRef = A1C5994825DE490700A712F7 /* MovieGridCell.swift */; };
		A1C5994E25DE7F3700A712F7 /* SuperherodetailsViewController.swift in Sources */ = {isa = PBXBuildFile; fileRef = A1C5994D25DE7F3700A712F7 /* SuperherodetailsViewController.swift */; };
		A4E28022F2F193D67F597993 /* Pods_myflix_myflixUITests.framework in Frameworks */ = {isa = PBXBuildFile; fileRef = 6F352497B0DEFC4A3858E19A /* Pods_myflix_myflixUITests.framework */; };
/* End PBXBuildFile section */

/* Begin PBXContainerItemProxy section */
		A15D935625D776A700905BF8 /* PBXContainerItemProxy */ = {
			isa = PBXContainerItemProxy;
			containerPortal = A15D933725D7769B00905BF8 /* Project object */;
			proxyType = 1;
			remoteGlobalIDString = A15D933E25D7769B00905BF8;
			remoteInfo = myflix;
		};
		A15D936125D776A700905BF8 /* PBXContainerItemProxy */ = {
			isa = PBXContainerItemProxy;
			containerPortal = A15D933725D7769B00905BF8 /* Project object */;
			proxyType = 1;
			remoteGlobalIDString = A15D933E25D7769B00905BF8;
			remoteInfo = myflix;
		};
/* End PBXContainerItemProxy section */

/* Begin PBXFileReference section */
		42A262D5167EF9B85666770C /* Pods-myflix.release.xcconfig */ = {isa = PBXFileReference; includeInIndex = 1; lastKnownFileType = text.xcconfig; name = "Pods-myflix.release.xcconfig"; path = "Target Support Files/Pods-myflix/Pods-myflix.release.xcconfig"; sourceTree = "<group>"; };
		61466ABEAB36033351D28E95 /* Pods-myflixTests.debug.xcconfig */ = {isa = PBXFileReference; includeInIndex = 1; lastKnownFileType = text.xcconfig; name = "Pods-myflixTests.debug.xcconfig"; path = "Target Support Files/Pods-myflixTests/Pods-myflixTests.debug.xcconfig"; sourceTree = "<group>"; };
		6AC6C57F33650EAF6827F098 /* Pods-myflix-myflixUITests.release.xcconfig */ = {isa = PBXFileReference; includeInIndex = 1; lastKnownFileType = text.xcconfig; name = "Pods-myflix-myflixUITests.release.xcconfig"; path = "Target Support Files/Pods-myflix-myflixUITests/Pods-myflix-myflixUITests.release.xcconfig"; sourceTree = "<group>"; };
		6F352497B0DEFC4A3858E19A /* Pods_myflix_myflixUITests.framework */ = {isa = PBXFileReference; explicitFileType = wrapper.framework; includeInIndex = 0; path = Pods_myflix_myflixUITests.framework; sourceTree = BUILT_PRODUCTS_DIR; };
		89071FF3C7D8A15CC60AA69B /* Pods-myflixTests.release.xcconfig */ = {isa = PBXFileReference; includeInIndex = 1; lastKnownFileType = text.xcconfig; name = "Pods-myflixTests.release.xcconfig"; path = "Target Support Files/Pods-myflixTests/Pods-myflixTests.release.xcconfig"; sourceTree = "<group>"; };
		8CF3BEB99DFE863FDBB3CF4C /* Pods-myflix-myflixUITests.debug.xcconfig */ = {isa = PBXFileReference; includeInIndex = 1; lastKnownFileType = text.xcconfig; name = "Pods-myflix-myflixUITests.debug.xcconfig"; path = "Target Support Files/Pods-myflix-myflixUITests/Pods-myflix-myflixUITests.debug.xcconfig"; sourceTree = "<group>"; };
		9B7E23D3BA4AABAD98C75CE9 /* Pods-myflix.debug.xcconfig */ = {isa = PBXFileReference; includeInIndex = 1; lastKnownFileType = text.xcconfig; name = "Pods-myflix.debug.xcconfig"; path = "Target Support Files/Pods-myflix/Pods-myflix.debug.xcconfig"; sourceTree = "<group>"; };
		A15D933F25D7769B00905BF8 /* myflix.app */ = {isa = PBXFileReference; explicitFileType = wrapper.application; includeInIndex = 0; path = myflix.app; sourceTree = BUILT_PRODUCTS_DIR; };
		A15D934225D7769B00905BF8 /* AppDelegate.swift */ = {isa = PBXFileReference; lastKnownFileType = sourcecode.swift; path = AppDelegate.swift; sourceTree = "<group>"; };
		A15D934425D7769B00905BF8 /* SceneDelegate.swift */ = {isa = PBXFileReference; lastKnownFileType = sourcecode.swift; path = SceneDelegate.swift; sourceTree = "<group>"; };
		A15D934925D7769B00905BF8 /* Base */ = {isa = PBXFileReference; lastKnownFileType = file.storyboard; name = Base; path = Base.lproj/Main.storyboard; sourceTree = "<group>"; };
		A15D934B25D776A600905BF8 /* Assets.xcassets */ = {isa = PBXFileReference; lastKnownFileType = folder.assetcatalog; path = Assets.xcassets; sourceTree = "<group>"; };
		A15D934E25D776A600905BF8 /* Base */ = {isa = PBXFileReference; lastKnownFileType = file.storyboard; name = Base; path = Base.lproj/LaunchScreen.storyboard; sourceTree = "<group>"; };
		A15D935025D776A600905BF8 /* Info.plist */ = {isa = PBXFileReference; lastKnownFileType = text.plist.xml; path = Info.plist; sourceTree = "<group>"; };
		A15D935525D776A700905BF8 /* myflixTests.xctest */ = {isa = PBXFileReference; explicitFileType = wrapper.cfbundle; includeInIndex = 0; path = myflixTests.xctest; sourceTree = BUILT_PRODUCTS_DIR; };
		A15D935925D776A700905BF8 /* myflixTests.swift */ = {isa = PBXFileReference; lastKnownFileType = sourcecode.swift; path = myflixTests.swift; sourceTree = "<group>"; };
		A15D935B25D776A700905BF8 /* Info.plist */ = {isa = PBXFileReference; lastKnownFileType = text.plist.xml; path = Info.plist; sourceTree = "<group>"; };
		A15D936025D776A700905BF8 /* myflixUITests.xctest */ = {isa = PBXFileReference; explicitFileType = wrapper.cfbundle; includeInIndex = 0; path = myflixUITests.xctest; sourceTree = BUILT_PRODUCTS_DIR; };
		A15D936425D776A700905BF8 /* myflixUITests.swift */ = {isa = PBXFileReference; lastKnownFileType = sourcecode.swift; path = myflixUITests.swift; sourceTree = "<group>"; };
		A15D936625D776A700905BF8 /* Info.plist */ = {isa = PBXFileReference; lastKnownFileType = text.plist.xml; path = Info.plist; sourceTree = "<group>"; };
		A15D937825D778E800905BF8 /* MoviesViewController.swift */ = {isa = PBXFileReference; lastKnownFileType = sourcecode.swift; path = MoviesViewController.swift; sourceTree = "<group>"; };
		A15D937D25D7AF7D00905BF8 /* MovieCell.swift */ = {isa = PBXFileReference; lastKnownFileType = sourcecode.swift; path = MovieCell.swift; sourceTree = "<group>"; };
		A1C5993625DE1CA000A712F7 /* MovieDetailsViewController.swift */ = {isa = PBXFileReference; lastKnownFileType = sourcecode.swift; path = MovieDetailsViewController.swift; sourceTree = "<group>"; };
		A1C5993B25DE310100A712F7 /* MovieGridViewController.swift */ = {isa = PBXFileReference; lastKnownFileType = sourcecode.swift; path = MovieGridViewController.swift; sourceTree = "<group>"; };
		A1C5994825DE490700A712F7 /* MovieGridCell.swift */ = {isa = PBXFileReference; lastKnownFileType = sourcecode.swift; path = MovieGridCell.swift; sourceTree = "<group>"; };
		A1C5994D25DE7F3700A712F7 /* SuperherodetailsViewController.swift */ = {isa = PBXFileReference; lastKnownFileType = sourcecode.swift; path = SuperherodetailsViewController.swift; sourceTree = "<group>"; };
		BA93754B451F4A13D4C321AE /* Pods_myflix.framework */ = {isa = PBXFileReference; explicitFileType = wrapper.framework; includeInIndex = 0; path = Pods_myflix.framework; sourceTree = BUILT_PRODUCTS_DIR; };
		BABCA00C8FF67E54C0FC29B7 /* Pods_myflixTests.framework */ = {isa = PBXFileReference; explicitFileType = wrapper.framework; includeInIndex = 0; path = Pods_myflixTests.framework; sourceTree = BUILT_PRODUCTS_DIR; };
/* End PBXFileReference section */

/* Begin PBXFrameworksBuildPhase section */
		A15D933C25D7769B00905BF8 /* Frameworks */ = {
			isa = PBXFrameworksBuildPhase;
			buildActionMask = 2147483647;
			files = (
				0BAE6C1C6B02986189EF75F3 /* Pods_myflix.framework in Frameworks */,
			);
			runOnlyForDeploymentPostprocessing = 0;
		};
		A15D935225D776A700905BF8 /* Frameworks */ = {
			isa = PBXFrameworksBuildPhase;
			buildActionMask = 2147483647;
			files = (
				255AE2131C85BE46AE991E51 /* Pods_myflixTests.framework in Frameworks */,
			);
			runOnlyForDeploymentPostprocessing = 0;
		};
		A15D935D25D776A700905BF8 /* Frameworks */ = {
			isa = PBXFrameworksBuildPhase;
			buildActionMask = 2147483647;
			files = (
				A4E28022F2F193D67F597993 /* Pods_myflix_myflixUITests.framework in Frameworks */,
			);
			runOnlyForDeploymentPostprocessing = 0;
		};
/* End PBXFrameworksBuildPhase section */

/* Begin PBXGroup section */
		A15D933625D7769B00905BF8 = {
			isa = PBXGroup;
			children = (
				A15D934125D7769B00905BF8 /* myflix */,
				A15D935825D776A700905BF8 /* myflixTests */,
				A15D936325D776A700905BF8 /* myflixUITests */,
				A15D934025D7769B00905BF8 /* Products */,
				B8A08146FDF5349F68724B3A /* Pods */,
				E0FE68361E06A988F46664E1 /* Frameworks */,
			);
			sourceTree = "<group>";
		};
		A15D934025D7769B00905BF8 /* Products */ = {
			isa = PBXGroup;
			children = (
				A15D933F25D7769B00905BF8 /* myflix.app */,
				A15D935525D776A700905BF8 /* myflixTests.xctest */,
				A15D936025D776A700905BF8 /* myflixUITests.xctest */,
			);
			name = Products;
			sourceTree = "<group>";
		};
		A15D934125D7769B00905BF8 /* myflix */ = {
			isa = PBXGroup;
			children = (
				A15D934225D7769B00905BF8 /* AppDelegate.swift */,
				A15D934425D7769B00905BF8 /* SceneDelegate.swift */,
				A15D934825D7769B00905BF8 /* Main.storyboard */,
				A15D934B25D776A600905BF8 /* Assets.xcassets */,
				A15D934D25D776A600905BF8 /* LaunchScreen.storyboard */,
				A15D935025D776A600905BF8 /* Info.plist */,
				A15D937825D778E800905BF8 /* MoviesViewController.swift */,
				A15D937D25D7AF7D00905BF8 /* MovieCell.swift */,
				A1C5993625DE1CA000A712F7 /* MovieDetailsViewController.swift */,
				A1C5993B25DE310100A712F7 /* MovieGridViewController.swift */,
				A1C5994825DE490700A712F7 /* MovieGridCell.swift */,
				A1C5994D25DE7F3700A712F7 /* SuperherodetailsViewController.swift */,
			);
			path = myflix;
			sourceTree = "<group>";
		};
		A15D935825D776A700905BF8 /* myflixTests */ = {
			isa = PBXGroup;
			children = (
				A15D935925D776A700905BF8 /* myflixTests.swift */,
				A15D935B25D776A700905BF8 /* Info.plist */,
			);
			path = myflixTests;
			sourceTree = "<group>";
		};
		A15D936325D776A700905BF8 /* myflixUITests */ = {
			isa = PBXGroup;
			children = (
				A15D936425D776A700905BF8 /* myflixUITests.swift */,
				A15D936625D776A700905BF8 /* Info.plist */,
			);
			path = myflixUITests;
			sourceTree = "<group>";
		};
		B8A08146FDF5349F68724B3A /* Pods */ = {
			isa = PBXGroup;
			children = (
				9B7E23D3BA4AABAD98C75CE9 /* Pods-myflix.debug.xcconfig */,
				42A262D5167EF9B85666770C /* Pods-myflix.release.xcconfig */,
				8CF3BEB99DFE863FDBB3CF4C /* Pods-myflix-myflixUITests.debug.xcconfig */,
				6AC6C57F33650EAF6827F098 /* Pods-myflix-myflixUITests.release.xcconfig */,
				61466ABEAB36033351D28E95 /* Pods-myflixTests.debug.xcconfig */,
				89071FF3C7D8A15CC60AA69B /* Pods-myflixTests.release.xcconfig */,
			);
			path = Pods;
			sourceTree = "<group>";
		};
		E0FE68361E06A988F46664E1 /* Frameworks */ = {
			isa = PBXGroup;
			children = (
				BA93754B451F4A13D4C321AE /* Pods_myflix.framework */,
				6F352497B0DEFC4A3858E19A /* Pods_myflix_myflixUITests.framework */,
				BABCA00C8FF67E54C0FC29B7 /* Pods_myflixTests.framework */,
			);
			name = Frameworks;
			sourceTree = "<group>";
		};
/* End PBXGroup section */

/* Begin PBXNativeTarget section */
		A15D933E25D7769B00905BF8 /* myflix */ = {
			isa = PBXNativeTarget;
			buildConfigurationList = A15D936925D776A700905BF8 /* Build configuration list for PBXNativeTarget "myflix" */;
			buildPhases = (
				991529384636C9AFC9CC0D2C /* [CP] Check Pods Manifest.lock */,
				A15D933B25D7769B00905BF8 /* Sources */,
				A15D933C25D7769B00905BF8 /* Frameworks */,
				A15D933D25D7769B00905BF8 /* Resources */,
				0075D086D8E30B5C800A68C2 /* [CP] Embed Pods Frameworks */,
			);
			buildRules = (
			);
			dependencies = (
			);
			name = myflix;
			productName = myflix;
			productReference = A15D933F25D7769B00905BF8 /* myflix.app */;
			productType = "com.apple.product-type.application";
		};
		A15D935425D776A700905BF8 /* myflixTests */ = {
			isa = PBXNativeTarget;
			buildConfigurationList = A15D936C25D776A700905BF8 /* Build configuration list for PBXNativeTarget "myflixTests" */;
			buildPhases = (
				DDC548E2DE89E70CDDDBE63C /* [CP] Check Pods Manifest.lock */,
				A15D935125D776A700905BF8 /* Sources */,
				A15D935225D776A700905BF8 /* Frameworks */,
				A15D935325D776A700905BF8 /* Resources */,
			);
			buildRules = (
			);
			dependencies = (
				A15D935725D776A700905BF8 /* PBXTargetDependency */,
			);
			name = myflixTests;
			productName = myflixTests;
			productReference = A15D935525D776A700905BF8 /* myflixTests.xctest */;
			productType = "com.apple.product-type.bundle.unit-test";
		};
		A15D935F25D776A700905BF8 /* myflixUITests */ = {
			isa = PBXNativeTarget;
			buildConfigurationList = A15D936F25D776A700905BF8 /* Build configuration list for PBXNativeTarget "myflixUITests" */;
			buildPhases = (
				367EA3E4ACA8CB6D3F337A42 /* [CP] Check Pods Manifest.lock */,
				A15D935C25D776A700905BF8 /* Sources */,
				A15D935D25D776A700905BF8 /* Frameworks */,
				A15D935E25D776A700905BF8 /* Resources */,
				4E23F6EB77E1DAF26672872E /* [CP] Embed Pods Frameworks */,
			);
			buildRules = (
			);
			dependencies = (
				A15D936225D776A700905BF8 /* PBXTargetDependency */,
			);
			name = myflixUITests;
			productName = myflixUITests;
			productReference = A15D936025D776A700905BF8 /* myflixUITests.xctest */;
			productType = "com.apple.product-type.bundle.ui-testing";
		};
/* End PBXNativeTarget section */

/* Begin PBXProject section */
		A15D933725D7769B00905BF8 /* Project object */ = {
			isa = PBXProject;
			attributes = {
				LastSwiftUpdateCheck = 1220;
				LastUpgradeCheck = 1220;
				TargetAttributes = {
					A15D933E25D7769B00905BF8 = {
						CreatedOnToolsVersion = 12.2;
					};
					A15D935425D776A700905BF8 = {
						CreatedOnToolsVersion = 12.2;
						TestTargetID = A15D933E25D7769B00905BF8;
					};
					A15D935F25D776A700905BF8 = {
						CreatedOnToolsVersion = 12.2;
						TestTargetID = A15D933E25D7769B00905BF8;
					};
				};
			};
			buildConfigurationList = A15D933A25D7769B00905BF8 /* Build configuration list for PBXProject "myflix" */;
			compatibilityVersion = "Xcode 9.3";
			developmentRegion = en;
			hasScannedForEncodings = 0;
			knownRegions = (
				en,
				Base,
			);
			mainGroup = A15D933625D7769B00905BF8;
			productRefGroup = A15D934025D7769B00905BF8 /* Products */;
			projectDirPath = "";
			projectRoot = "";
			targets = (
				A15D933E25D7769B00905BF8 /* myflix */,
				A15D935425D776A700905BF8 /* myflixTests */,
				A15D935F25D776A700905BF8 /* myflixUITests */,
			);
		};
/* End PBXProject section */

/* Begin PBXResourcesBuildPhase section */
		A15D933D25D7769B00905BF8 /* Resources */ = {
			isa = PBXResourcesBuildPhase;
			buildActionMask = 2147483647;
			files = (
				A15D934F25D776A600905BF8 /* LaunchScreen.storyboard in Resources */,
				A15D934C25D776A600905BF8 /* Assets.xcassets in Resources */,
				A15D934A25D7769B00905BF8 /* Main.storyboard in Resources */,
			);
			runOnlyForDeploymentPostprocessing = 0;
		};
		A15D935325D776A700905BF8 /* Resources */ = {
			isa = PBXResourcesBuildPhase;
			buildActionMask = 2147483647;
			files = (
			);
			runOnlyForDeploymentPostprocessing = 0;
		};
		A15D935E25D776A700905BF8 /* Resources */ = {
			isa = PBXResourcesBuildPhase;
			buildActionMask = 2147483647;
			files = (
			);
			runOnlyForDeploymentPostprocessing = 0;
		};
/* End PBXResourcesBuildPhase section */

/* Begin PBXShellScriptBuildPhase section */
		0075D086D8E30B5C800A68C2 /* [CP] Embed Pods Frameworks */ = {
			isa = PBXShellScriptBuildPhase;
			buildActionMask = 2147483647;
			files = (
			);
			inputFileListPaths = (
				"${PODS_ROOT}/Target Support Files/Pods-myflix/Pods-myflix-frameworks-${CONFIGURATION}-input-files.xcfilelist",
			);
			name = "[CP] Embed Pods Frameworks";
			outputFileListPaths = (
				"${PODS_ROOT}/Target Support Files/Pods-myflix/Pods-myflix-frameworks-${CONFIGURATION}-output-files.xcfilelist",
			);
			runOnlyForDeploymentPostprocessing = 0;
			shellPath = /bin/sh;
			shellScript = "\"${PODS_ROOT}/Target Support Files/Pods-myflix/Pods-myflix-frameworks.sh\"\n";
			showEnvVarsInLog = 0;
		};
		367EA3E4ACA8CB6D3F337A42 /* [CP] Check Pods Manifest.lock */ = {
			isa = PBXShellScriptBuildPhase;
			buildActionMask = 2147483647;
			files = (
			);
			inputFileListPaths = (
			);
			inputPaths = (
				"${PODS_PODFILE_DIR_PATH}/Podfile.lock",
				"${PODS_ROOT}/Manifest.lock",
			);
			name = "[CP] Check Pods Manifest.lock";
			outputFileListPaths = (
			);
			outputPaths = (
				"$(DERIVED_FILE_DIR)/Pods-myflix-myflixUITests-checkManifestLockResult.txt",
			);
			runOnlyForDeploymentPostprocessing = 0;
			shellPath = /bin/sh;
			shellScript = "diff \"${PODS_PODFILE_DIR_PATH}/Podfile.lock\" \"${PODS_ROOT}/Manifest.lock\" > /dev/null\nif [ $? != 0 ] ; then\n    # print error to STDERR\n    echo \"error: The sandbox is not in sync with the Podfile.lock. Run 'pod install' or update your CocoaPods installation.\" >&2\n    exit 1\nfi\n# This output is used by Xcode 'outputs' to avoid re-running this script phase.\necho \"SUCCESS\" > \"${SCRIPT_OUTPUT_FILE_0}\"\n";
			showEnvVarsInLog = 0;
		};
		4E23F6EB77E1DAF26672872E /* [CP] Embed Pods Frameworks */ = {
			isa = PBXShellScriptBuildPhase;
			buildActionMask = 2147483647;
			files = (
			);
			inputFileListPaths = (
				"${PODS_ROOT}/Target Support Files/Pods-myflix-myflixUITests/Pods-myflix-myflixUITests-frameworks-${CONFIGURATION}-input-files.xcfilelist",
			);
			name = "[CP] Embed Pods Frameworks";
			outputFileListPaths = (
				"${PODS_ROOT}/Target Support Files/Pods-myflix-myflixUITests/Pods-myflix-myflixUITests-frameworks-${CONFIGURATION}-output-files.xcfilelist",
			);
			runOnlyForDeploymentPostprocessing = 0;
			shellPath = /bin/sh;
			shellScript = "\"${PODS_ROOT}/Target Support Files/Pods-myflix-myflixUITests/Pods-myflix-myflixUITests-frameworks.sh\"\n";
			showEnvVarsInLog = 0;
		};
		991529384636C9AFC9CC0D2C /* [CP] Check Pods Manifest.lock */ = {
			isa = PBXShellScriptBuildPhase;
			buildActionMask = 2147483647;
			files = (
			);
			inputFileListPaths = (
			);
			inputPaths = (
				"${PODS_PODFILE_DIR_PATH}/Podfile.lock",
				"${PODS_ROOT}/Manifest.lock",
			);
			name = "[CP] Check Pods Manifest.lock";
			outputFileListPaths = (
			);
			outputPaths = (
				"$(DERIVED_FILE_DIR)/Pods-myflix-checkManifestLockResult.txt",
			);
			runOnlyForDeploymentPostprocessing = 0;
			shellPath = /bin/sh;
			shellScript = "diff \"${PODS_PODFILE_DIR_PATH}/Podfile.lock\" \"${PODS_ROOT}/Manifest.lock\" > /dev/null\nif [ $? != 0 ] ; then\n    # print error to STDERR\n    echo \"error: The sandbox is not in sync with the Podfile.lock. Run 'pod install' or update your CocoaPods installation.\" >&2\n    exit 1\nfi\n# This output is used by Xcode 'outputs' to avoid re-running this script phase.\necho \"SUCCESS\" > \"${SCRIPT_OUTPUT_FILE_0}\"\n";
			showEnvVarsInLog = 0;
		};
		DDC548E2DE89E70CDDDBE63C /* [CP] Check Pods Manifest.lock */ = {
			isa = PBXShellScriptBuildPhase;
			buildActionMask = 2147483647;
			files = (
			);
			inputFileListPaths = (
			);
			inputPaths = (
				"${PODS_PODFILE_DIR_PATH}/Podfile.lock",
				"${PODS_ROOT}/Manifest.lock",
			);
			name = "[CP] Check Pods Manifest.lock";
			outputFileListPaths = (
			);
			outputPaths = (
				"$(DERIVED_FILE_DIR)/Pods-myflixTests-checkManifestLockResult.txt",
			);
			runOnlyForDeploymentPostprocessing = 0;
			shellPath = /bin/sh;
			shellScript = "diff \"${PODS_PODFILE_DIR_PATH}/Podfile.lock\" \"${PODS_ROOT}/Manifest.lock\" > /dev/null\nif [ $? != 0 ] ; then\n    # print error to STDERR\n    echo \"error: The sandbox is not in sync with the Podfile.lock. Run 'pod install' or update your CocoaPods installation.\" >&2\n    exit 1\nfi\n# This output is used by Xcode 'outputs' to avoid re-running this script phase.\necho \"SUCCESS\" > \"${SCRIPT_OUTPUT_FILE_0}\"\n";
			showEnvVarsInLog = 0;
		};
/* End PBXShellScriptBuildPhase section */

/* Begin PBXSourcesBuildPhase section */
		A15D933B25D7769B00905BF8 /* Sources */ = {
			isa = PBXSourcesBuildPhase;
			buildActionMask = 2147483647;
			files = (
				A1C5993725DE1CA000A712F7 /* MovieDetailsViewController.swift in Sources */,
				A1C5994E25DE7F3700A712F7 /* SuperherodetailsViewController.swift in Sources */,
				A15D934325D7769B00905BF8 /* AppDelegate.swift in Sources */,
				A15D934525D7769B00905BF8 /* SceneDelegate.swift in Sources */,
				A15D937E25D7AF7D00905BF8 /* MovieCell.swift in Sources */,
				A15D937925D778E800905BF8 /* MoviesViewController.swift in Sources */,
				A1C5993C25DE310100A712F7 /* MovieGridViewController.swift in Sources */,
				A1C5994925DE490700A712F7 /* MovieGridCell.swift in Sources */,
			);
			runOnlyForDeploymentPostprocessing = 0;
		};
		A15D935125D776A700905BF8 /* Sources */ = {
			isa = PBXSourcesBuildPhase;
			buildActionMask = 2147483647;
			files = (
				A15D935A25D776A700905BF8 /* myflixTests.swift in Sources */,
			);
			runOnlyForDeploymentPostprocessing = 0;
		};
		A15D935C25D776A700905BF8 /* Sources */ = {
			isa = PBXSourcesBuildPhase;
			buildActionMask = 2147483647;
			files = (
				A15D936525D776A700905BF8 /* myflixUITests.swift in Sources */,
			);
			runOnlyForDeploymentPostprocessing = 0;
		};
/* End PBXSourcesBuildPhase section */

/* Begin PBXTargetDependency section */
		A15D935725D776A700905BF8 /* PBXTargetDependency */ = {
			isa = PBXTargetDependency;
			target = A15D933E25D7769B00905BF8 /* myflix */;
			targetProxy = A15D935625D776A700905BF8 /* PBXContainerItemProxy */;
		};
		A15D936225D776A700905BF8 /* PBXTargetDependency */ = {
			isa = PBXTargetDependency;
			target = A15D933E25D7769B00905BF8 /* myflix */;
			targetProxy = A15D936125D776A700905BF8 /* PBXContainerItemProxy */;
		};
/* End PBXTargetDependency section */

/* Begin PBXVariantGroup section */
		A15D934825D7769B00905BF8 /* Main.storyboard */ = {
			isa = PBXVariantGroup;
			children = (
				A15D934925D7769B00905BF8 /* Base */,
			);
			name = Main.storyboard;
			sourceTree = "<group>";
		};
		A15D934D25D776A600905BF8 /* LaunchScreen.storyboard */ = {
			isa = PBXVariantGroup;
			children = (
				A15D934E25D776A600905BF8 /* Base */,
			);
			name = LaunchScreen.storyboard;
			sourceTree = "<group>";
		};
/* End PBXVariantGroup section */

/* Begin XCBuildConfiguration section */
		A15D936725D776A700905BF8 /* Debug */ = {
			isa = XCBuildConfiguration;
			buildSettings = {
				ALWAYS_SEARCH_USER_PATHS = NO;
				CLANG_ANALYZER_NONNULL = YES;
				CLANG_ANALYZER_NUMBER_OBJECT_CONVERSION = YES_AGGRESSIVE;
				CLANG_CXX_LANGUAGE_STANDARD = "gnu++14";
				CLANG_CXX_LIBRARY = "libc++";
				CLANG_ENABLE_MODULES = YES;
				CLANG_ENABLE_OBJC_ARC = YES;
				CLANG_ENABLE_OBJC_WEAK = YES;
				CLANG_WARN_BLOCK_CAPTURE_AUTORELEASING = YES;
				CLANG_WARN_BOOL_CONVERSION = YES;
				CLANG_WARN_COMMA = YES;
				CLANG_WARN_CONSTANT_CONVERSION = YES;
				CLANG_WARN_DEPRECATED_OBJC_IMPLEMENTATIONS = YES;
				CLANG_WARN_DIRECT_OBJC_ISA_USAGE = YES_ERROR;
				CLANG_WARN_DOCUMENTATION_COMMENTS = YES;
				CLANG_WARN_EMPTY_BODY = YES;
				CLANG_WARN_ENUM_CONVERSION = YES;
				CLANG_WARN_INFINITE_RECURSION = YES;
				CLANG_WARN_INT_CONVERSION = YES;
				CLANG_WARN_NON_LITERAL_NULL_CONVERSION = YES;
				CLANG_WARN_OBJC_IMPLICIT_RETAIN_SELF = YES;
				CLANG_WARN_OBJC_LITERAL_CONVERSION = YES;
				CLANG_WARN_OBJC_ROOT_CLASS = YES_ERROR;
				CLANG_WARN_QUOTED_INCLUDE_IN_FRAMEWORK_HEADER = YES;
				CLANG_WARN_RANGE_LOOP_ANALYSIS = YES;
				CLANG_WARN_STRICT_PROTOTYPES = YES;
				CLANG_WARN_SUSPICIOUS_MOVE = YES;
				CLANG_WARN_UNGUARDED_AVAILABILITY = YES_AGGRESSIVE;
				CLANG_WARN_UNREACHABLE_CODE = YES;
				CLANG_WARN__DUPLICATE_METHOD_MATCH = YES;
				COPY_PHASE_STRIP = NO;
				DEBUG_INFORMATION_FORMAT = dwarf;
				ENABLE_STRICT_OBJC_MSGSEND = YES;
				ENABLE_TESTABILITY = YES;
				GCC_C_LANGUAGE_STANDARD = gnu11;
				GCC_DYNAMIC_NO_PIC = NO;
				GCC_NO_COMMON_BLOCKS = YES;
				GCC_OPTIMIZATION_LEVEL = 0;
				GCC_PREPROCESSOR_DEFINITIONS = (
					"DEBUG=1",
					"$(inherited)",
				);
				GCC_WARN_64_TO_32_BIT_CONVERSION = YES;
				GCC_WARN_ABOUT_RETURN_TYPE = YES_ERROR;
				GCC_WARN_UNDECLARED_SELECTOR = YES;
				GCC_WARN_UNINITIALIZED_AUTOS = YES_AGGRESSIVE;
				GCC_WARN_UNUSED_FUNCTION = YES;
				GCC_WARN_UNUSED_VARIABLE = YES;
				IPHONEOS_DEPLOYMENT_TARGET = 14.2;
				MTL_ENABLE_DEBUG_INFO = INCLUDE_SOURCE;
				MTL_FAST_MATH = YES;
				ONLY_ACTIVE_ARCH = YES;
				SDKROOT = iphoneos;
				SWIFT_ACTIVE_COMPILATION_CONDITIONS = DEBUG;
				SWIFT_OPTIMIZATION_LEVEL = "-Onone";
			};
			name = Debug;
		};
		A15D936825D776A700905BF8 /* Release */ = {
			isa = XCBuildConfiguration;
			buildSettings = {
				ALWAYS_SEARCH_USER_PATHS = NO;
				CLANG_ANALYZER_NONNULL = YES;
				CLANG_ANALYZER_NUMBER_OBJECT_CONVERSION = YES_AGGRESSIVE;
				CLANG_CXX_LANGUAGE_STANDARD = "gnu++14";
				CLANG_CXX_LIBRARY = "libc++";
				CLANG_ENABLE_MODULES = YES;
				CLANG_ENABLE_OBJC_ARC = YES;
				CLANG_ENABLE_OBJC_WEAK = YES;
				CLANG_WARN_BLOCK_CAPTURE_AUTORELEASING = YES;
				CLANG_WARN_BOOL_CONVERSION = YES;
				CLANG_WARN_COMMA = YES;
				CLANG_WARN_CONSTANT_CONVERSION = YES;
				CLANG_WARN_DEPRECATED_OBJC_IMPLEMENTATIONS = YES;
				CLANG_WARN_DIRECT_OBJC_ISA_USAGE = YES_ERROR;
				CLANG_WARN_DOCUMENTATION_COMMENTS = YES;
				CLANG_WARN_EMPTY_BODY = YES;
				CLANG_WARN_ENUM_CONVERSION = YES;
				CLANG_WARN_INFINITE_RECURSION = YES;
				CLANG_WARN_INT_CONVERSION = YES;
				CLANG_WARN_NON_LITERAL_NULL_CONVERSION = YES;
				CLANG_WARN_OBJC_IMPLICIT_RETAIN_SELF = YES;
				CLANG_WARN_OBJC_LITERAL_CONVERSION = YES;
				CLANG_WARN_OBJC_ROOT_CLASS = YES_ERROR;
				CLANG_WARN_QUOTED_INCLUDE_IN_FRAMEWORK_HEADER = YES;
				CLANG_WARN_RANGE_LOOP_ANALYSIS = YES;
				CLANG_WARN_STRICT_PROTOTYPES = YES;
				CLANG_WARN_SUSPICIOUS_MOVE = YES;
				CLANG_WARN_UNGUARDED_AVAILABILITY = YES_AGGRESSIVE;
				CLANG_WARN_UNREACHABLE_CODE = YES;
				CLANG_WARN__DUPLICATE_METHOD_MATCH = YES;
				COPY_PHASE_STRIP = NO;
				DEBUG_INFORMATION_FORMAT = "dwarf-with-dsym";
				ENABLE_NS_ASSERTIONS = NO;
				ENABLE_STRICT_OBJC_MSGSEND = YES;
				GCC_C_LANGUAGE_STANDARD = gnu11;
				GCC_NO_COMMON_BLOCKS = YES;
				GCC_WARN_64_TO_32_BIT_CONVERSION = YES;
				GCC_WARN_ABOUT_RETURN_TYPE = YES_ERROR;
				GCC_WARN_UNDECLARED_SELECTOR = YES;
				GCC_WARN_UNINITIALIZED_AUTOS = YES_AGGRESSIVE;
				GCC_WARN_UNUSED_FUNCTION = YES;
				GCC_WARN_UNUSED_VARIABLE = YES;
				IPHONEOS_DEPLOYMENT_TARGET = 14.2;
				MTL_ENABLE_DEBUG_INFO = NO;
				MTL_FAST_MATH = YES;
				SDKROOT = iphoneos;
				SWIFT_COMPILATION_MODE = wholemodule;
				SWIFT_OPTIMIZATION_LEVEL = "-O";
				VALIDATE_PRODUCT = YES;
			};
			name = Release;
		};
		A15D936A25D776A700905BF8 /* Debug */ = {
			isa = XCBuildConfiguration;
			baseConfigurationReference = 9B7E23D3BA4AABAD98C75CE9 /* Pods-myflix.debug.xcconfig */;
			buildSettings = {
				ASSETCATALOG_COMPILER_APPICON_NAME = AppIcon;
				ASSETCATALOG_COMPILER_GLOBAL_ACCENT_COLOR_NAME = AccentColor;
				CODE_SIGN_STYLE = Automatic;
				DEVELOPMENT_TEAM = 92WF5RGNMZ;
				INFOPLIST_FILE = myflix/Info.plist;
				IPHONEOS_DEPLOYMENT_TARGET = 14.2;
				LD_RUNPATH_SEARCH_PATHS = (
					"$(inherited)",
					"@executable_path/Frameworks",
				);
				PRODUCT_BUNDLE_IDENTIFIER = "mahmudasaba-icloud.com.myflix";
				PRODUCT_NAME = "$(TARGET_NAME)";
				SWIFT_VERSION = 5.0;
				TARGETED_DEVICE_FAMILY = "1,2";
			};
			name = Debug;
		};
		A15D936B25D776A700905BF8 /* Release */ = {
			isa = XCBuildConfiguration;
			baseConfigurationReference = 42A262D5167EF9B85666770C /* Pods-myflix.release.xcconfig */;
			buildSettings = {
				ASSETCATALOG_COMPILER_APPICON_NAME = AppIcon;
				ASSETCATALOG_COMPILER_GLOBAL_ACCENT_COLOR_NAME = AccentColor;
				CODE_SIGN_STYLE = Automatic;
				DEVELOPMENT_TEAM = 92WF5RGNMZ;
				INFOPLIST_FILE = myflix/Info.plist;
				IPHONEOS_DEPLOYMENT_TARGET = 14.2;
				LD_RUNPATH_SEARCH_PATHS = (
					"$(inherited)",
					"@executable_path/Frameworks",
				);
				PRODUCT_BUNDLE_IDENTIFIER = "mahmudasaba-icloud.com.myflix";
				PRODUCT_NAME = "$(TARGET_NAME)";
				SWIFT_VERSION = 5.0;
				TARGETED_DEVICE_FAMILY = "1,2";
			};
			name = Release;
		};
		A15D936D25D776A700905BF8 /* Debug */ = {
			isa = XCBuildConfiguration;
			baseConfigurationReference = 61466ABEAB36033351D28E95 /* Pods-myflixTests.debug.xcconfig */;
			buildSettings = {
				ALWAYS_EMBED_SWIFT_STANDARD_LIBRARIES = YES;
				BUNDLE_LOADER = "$(TEST_HOST)";
				CODE_SIGN_STYLE = Automatic;
				INFOPLIST_FILE = myflixTests/Info.plist;
				IPHONEOS_DEPLOYMENT_TARGET = 14.2;
				LD_RUNPATH_SEARCH_PATHS = (
					"$(inherited)",
					"@executable_path/Frameworks",
					"@loader_path/Frameworks",
				);
				PRODUCT_BUNDLE_IDENTIFIER = "mahmudasaba-icloud.com.myflixTests";
				PRODUCT_NAME = "$(TARGET_NAME)";
				SWIFT_VERSION = 5.0;
				TARGETED_DEVICE_FAMILY = "1,2";
				TEST_HOST = "$(BUILT_PRODUCTS_DIR)/myflix.app/myflix";
			};
			name = Debug;
		};
		A15D936E25D776A700905BF8 /* Release */ = {
			isa = XCBuildConfiguration;
			baseConfigurationReference = 89071FF3C7D8A15CC60AA69B /* Pods-myflixTests.release.xcconfig */;
			buildSettings = {
				ALWAYS_EMBED_SWIFT_STANDARD_LIBRARIES = YES;
				BUNDLE_LOADER = "$(TEST_HOST)";
				CODE_SIGN_STYLE = Automatic;
				INFOPLIST_FILE = myflixTests/Info.plist;
				IPHONEOS_DEPLOYMENT_TARGET = 14.2;
				LD_RUNPATH_SEARCH_PATHS = (
					"$(inherited)",
					"@executable_path/Frameworks",
					"@loader_path/Frameworks",
				);
				PRODUCT_BUNDLE_IDENTIFIER = "mahmudasaba-icloud.com.myflixTests";
				PRODUCT_NAME = "$(TARGET_NAME)";
				SWIFT_VERSION = 5.0;
				TARGETED_DEVICE_FAMILY = "1,2";
				TEST_HOST = "$(BUILT_PRODUCTS_DIR)/myflix.app/myflix";
			};
			name = Release;
		};
		A15D937025D776A700905BF8 /* Debug */ = {
			isa = XCBuildConfiguration;
			baseConfigurationReference = 8CF3BEB99DFE863FDBB3CF4C /* Pods-myflix-myflixUITests.debug.xcconfig */;
			buildSettings = {
				ALWAYS_EMBED_SWIFT_STANDARD_LIBRARIES = YES;
				CODE_SIGN_STYLE = Automatic;
				INFOPLIST_FILE = myflixUITests/Info.plist;
				LD_RUNPATH_SEARCH_PATHS = (
					"$(inherited)",
					"@executable_path/Frameworks",
					"@loader_path/Frameworks",
				);
				PRODUCT_BUNDLE_IDENTIFIER = "mahmudasaba-icloud.com.myflixUITests";
				PRODUCT_NAME = "$(TARGET_NAME)";
				SWIFT_VERSION = 5.0;
				TARGETED_DEVICE_FAMILY = "1,2";
				TEST_TARGET_NAME = myflix;
			};
			name = Debug;
		};
		A15D937125D776A700905BF8 /* Release */ = {
			isa = XCBuildConfiguration;
			baseConfigurationReference = 6AC6C57F33650EAF6827F098 /* Pods-myflix-myflixUITests.release.xcconfig */;
			buildSettings = {
				ALWAYS_EMBED_SWIFT_STANDARD_LIBRARIES = YES;
				CODE_SIGN_STYLE = Automatic;
				INFOPLIST_FILE = myflixUITests/Info.plist;
				LD_RUNPATH_SEARCH_PATHS = (
					"$(inherited)",
					"@executable_path/Frameworks",
					"@loader_path/Frameworks",
				);
				PRODUCT_BUNDLE_IDENTIFIER = "mahmudasaba-icloud.com.myflixUITests";
				PRODUCT_NAME = "$(TARGET_NAME)";
				SWIFT_VERSION = 5.0;
				TARGETED_DEVICE_FAMILY = "1,2";
				TEST_TARGET_NAME = myflix;
			};
			name = Release;
		};
/* End XCBuildConfiguration section */

/* Begin XCConfigurationList section */
		A15D933A25D7769B00905BF8 /* Build configuration list for PBXProject "myflix" */ = {
			isa = XCConfigurationList;
			buildConfigurations = (
				A15D936725D776A700905BF8 /* Debug */,
				A15D936825D776A700905BF8 /* Release */,
			);
			defaultConfigurationIsVisible = 0;
			defaultConfigurationName = Release;
		};
		A15D936925D776A700905BF8 /* Build configuration list for PBXNativeTarget "myflix" */ = {
			isa = XCConfigurationList;
			buildConfigurations = (
				A15D936A25D776A700905BF8 /* Debug */,
				A15D936B25D776A700905BF8 /* Release */,
			);
			defaultConfigurationIsVisible = 0;
			defaultConfigurationName = Release;
		};
		A15D936C25D776A700905BF8 /* Build configuration list for PBXNativeTarget "myflixTests" */ = {
			isa = XCConfigurationList;
			buildConfigurations = (
				A15D936D25D776A700905BF8 /* Debug */,
				A15D936E25D776A700905BF8 /* Release */,
			);
			defaultConfigurationIsVisible = 0;
			defaultConfigurationName = Release;
		};
		A15D936F25D776A700905BF8 /* Build configuration list for PBXNativeTarget "myflixUITests" */ = {
			isa = XCConfigurationList;
			buildConfigurations = (
				A15D937025D776A700905BF8 /* Debug */,
				A15D937125D776A700905BF8 /* Release */,
			);
			defaultConfigurationIsVisible = 0;
			defaultConfigurationName = Release;
		};
/* End XCConfigurationList section */
	};
	rootObject = A15D933725D7769B00905BF8 /* Project object */;
}
